
Microsoft Visual Studio Solution File, Format Version 12.00
# Visual Studio Version 17
VisualStudioVersion = 17.7.34031.279
MinimumVisualStudioVersion = 10.0.40219.1
Project("{8BC9CEB8-8B4A-11D0-8D11-00A0C91BC942}") = "лаб4.2", "лаб4.2\лаб4.2.vcxproj", "{1BCE58D4-42F3-4639-B7CB-2007EB1F1F93}"
EndProject
Global
	GlobalSection(SolutionConfigurationPlatforms) = preSolution
		Debug|x64 = Debug|x64
		Debug|x86 = Debug|x86
		Release|x64 = Release|x64
		Release|x86 = Release|x86
	EndGlobalSection
	GlobalSection(ProjectConfigurationPlatforms) = postSolution
		{1BCE58D4-42F3-4639-B7CB-2007EB1F1F93}.Debug|x64.ActiveCfg = Debug|x64
		{1BCE58D4-42F3-4639-B7CB-2007EB1F1F93}.Debug|x64.Build.0 = Debug|x64
		{1BCE58D4-42F3-4639-B7CB-2007EB1F1F93}.Debug|x86.ActiveCfg = Debug|Win32
		{1BCE58D4-42F3-4639-B7CB-2007EB1F1F93}.Debug|x86.Build.0 = Debug|Win32
		{1BCE58D4-42F3-4639-B7CB-2007EB1F1F93}.Release|x64.ActiveCfg = Release|x64
		{1BCE58D4-42F3-4639-B7CB-2007EB1F1F93}.Release|x64.Build.0 = Release|x64
		{1BCE58D4-42F3-4639-B7CB-2007EB1F1F93}.Release|x86.ActiveCfg = Release|Win32
		{1BCE58D4-42F3-4639-B7CB-2007EB1F1F93}.Release|x86.Build.0 = Release|Win32
	EndGlobalSection
	GlobalSection(SolutionProperties) = preSolution
		HideSolutionNode = FALSE
	EndGlobalSection
	GlobalSection(ExtensibilityGlobals) = postSolution
		SolutionGuid = {7A45E740-5D69-48D1-AAF6-DBBDC8661DB6}
	EndGlobalSection
EndGlobal
